{
  "version": 4,
  "terraform_version": "0.13.7",
  "serial": 31,
  "lineage": "60023634-94b7-f8ab-53dc-a7bc22f57677",
  "outputs": {},
  "resources": [
    {
      "mode": "managed",
      "type": "google_compute_network",
      "name": "vpc",
      "provider": "provider[\"registry.terraform.io/hashicorp/google\"]",
      "instances": [
        {
          "schema_version": 0,
          "attributes": {
            "auto_create_subnetworks": true,
            "delete_default_routes_on_create": false,
            "description": "",
            "gateway_ipv4": "",
            "id": "projects/sohansm-project/global/networks/immerse-next-vpc",
            "name": "immerse-next-vpc",
            "project": "sohansm-project",
            "routing_mode": "REGIONAL",
            "self_link": "https://www.googleapis.com/compute/v1/projects/sohansm-project/global/networks/immerse-next-vpc",
            "timeouts": null
          },
          "private": "eyJlMmJmYjczMC1lY2FhLTExZTYtOGY4OC0zNDM2M2JjN2M0YzAiOnsiY3JlYXRlIjoyNDAwMDAwMDAwMDAsImRlbGV0ZSI6MjQwMDAwMDAwMDAwLCJ1cGRhdGUiOjI0MDAwMDAwMDAwMH0sInNjaGVtYV92ZXJzaW9uIjoiMCJ9"
        }
      ]
    },
    {
      "mode": "managed",
      "type": "google_compute_subnetwork",
      "name": "subnet",
      "provider": "provider[\"registry.terraform.io/hashicorp/google\"]",
      "instances": [
        {
          "schema_version": 0,
          "attributes": {
            "creation_timestamp": "2023-11-16T19:35:34.462-08:00",
            "description": "",
            "fingerprint": null,
            "gateway_address": "10.10.0.1",
            "id": "projects/sohansm-project/regions/us-central1/subnetworks/immerse-next-vpc-subnet",
            "ip_cidr_range": "10.10.0.0/16",
            "log_config": [],
            "name": "immerse-next-vpc-subnet",
            "network": "https://www.googleapis.com/compute/v1/projects/sohansm-project/global/networks/immerse-next-vpc",
            "private_ip_google_access": false,
            "project": "sohansm-project",
            "region": "us-central1",
            "secondary_ip_range": [],
            "self_link": "https://www.googleapis.com/compute/v1/projects/sohansm-project/regions/us-central1/subnetworks/immerse-next-vpc-subnet",
            "timeouts": null
          },
          "private": "eyJlMmJmYjczMC1lY2FhLTExZTYtOGY4OC0zNDM2M2JjN2M0YzAiOnsiY3JlYXRlIjozNjAwMDAwMDAwMDAsImRlbGV0ZSI6MzYwMDAwMDAwMDAwLCJ1cGRhdGUiOjM2MDAwMDAwMDAwMH19",
          "dependencies": [
            "google_compute_network.vpc"
          ]
        }
      ]
    },
    {
      "mode": "managed",
      "type": "google_project_iam_binding",
      "name": "binding",
      "provider": "provider[\"registry.terraform.io/hashicorp/google\"]",
      "instances": [
        {
          "schema_version": 0,
          "attributes": {
            "condition": [],
            "etag": "BwYKTsh/+hE=",
            "id": "sohansm-project/roles/redis.editor",
            "members": [
              "serviceAccount:1000276527499-compute@developer.gserviceaccount.com"
            ],
            "project": "sohansm-project",
            "role": "roles/redis.editor"
          },
          "private": "bnVsbA=="
        }
      ]
    },
    {
      "mode": "managed",
      "type": "google_redis_instance",
      "name": "redis",
      "provider": "provider[\"registry.terraform.io/hashicorp/google\"]",
      "instances": [
        {
          "schema_version": 0,
          "attributes": {
            "alternative_location_id": "us-central1-b",
            "authorized_network": "projects/sohansm-project/global/networks/immerse-next-vpc",
            "connect_mode": "DIRECT_PEERING",
            "create_time": "2023-11-17T03:37:47.711707796Z",
            "current_location_id": "us-central1-f",
            "display_name": "",
            "host": "10.9.126.20",
            "id": "projects/sohansm-project/locations/us-central1/instances/immerse-next-redis",
            "labels": {},
            "location_id": "us-central1-f",
            "memory_size_gb": 1,
            "name": "immerse-next-redis",
            "persistence_iam_identity": "serviceAccount:service-1000276527499@cloud-redis.iam.gserviceaccount.com",
            "port": 6379,
            "project": "sohansm-project",
            "redis_configs": {},
            "redis_version": "REDIS_6_X",
            "region": "us-central1",
            "reserved_ip_range": "10.9.126.16/29",
            "tier": "STANDARD_HA",
            "timeouts": null
          },
          "private": "eyJlMmJmYjczMC1lY2FhLTExZTYtOGY4OC0zNDM2M2JjN2M0YzAiOnsiY3JlYXRlIjo2MDAwMDAwMDAwMDAsImRlbGV0ZSI6NjAwMDAwMDAwMDAwLCJ1cGRhdGUiOjYwMDAwMDAwMDAwMH19",
          "dependencies": [
            "google_compute_network.vpc"
          ]
        }
      ]
    }
  ]
}
